
Microsoft Visual Studio Solution File, Format Version 12.00
# Visual Studio Version 17
VisualStudioVersion = 17.6.33723.286
MinimumVisualStudioVersion = 10.0.40219.1
Project("{9A19103F-16F7-4668-BE54-9A1E7A4F7556}") = "TilesWaveCollapse", "TilesWaveCollapse\TilesWaveCollapse.csproj", "{CFB5EDB0-C56F-4D63-93B3-8FA0861BC376}"
EndProject
Project("{FAE04EC0-301F-11D3-BF4B-00C04F79EFBC}") = "TileIRT", "TileIRT\TileIRT.csproj", "{04E0A299-47AE-480E-B28E-BDDC510A3C34}"
EndProject
Global
	GlobalSection(SolutionConfigurationPlatforms) = preSolution
		Debug|Any CPU = Debug|Any CPU
		Release|Any CPU = Release|Any CPU
	EndGlobalSection
	GlobalSection(ProjectConfigurationPlatforms) = postSolution
		{CFB5EDB0-C56F-4D63-93B3-8FA0861BC376}.Debug|Any CPU.ActiveCfg = Debug|Any CPU
		{CFB5EDB0-C56F-4D63-93B3-8FA0861BC376}.Debug|Any CPU.Build.0 = Debug|Any CPU
		{CFB5EDB0-C56F-4D63-93B3-8FA0861BC376}.Release|Any CPU.ActiveCfg = Release|Any CPU
		{CFB5EDB0-C56F-4D63-93B3-8FA0861BC376}.Release|Any CPU.Build.0 = Release|Any CPU
		{04E0A299-47AE-480E-B28E-BDDC510A3C34}.Debug|Any CPU.ActiveCfg = Debug|Any CPU
		{04E0A299-47AE-480E-B28E-BDDC510A3C34}.Debug|Any CPU.Build.0 = Debug|Any CPU
		{04E0A299-47AE-480E-B28E-BDDC510A3C34}.Release|Any CPU.ActiveCfg = Release|Any CPU
		{04E0A299-47AE-480E-B28E-BDDC510A3C34}.Release|Any CPU.Build.0 = Release|Any CPU
	EndGlobalSection
	GlobalSection(SolutionProperties) = preSolution
		HideSolutionNode = FALSE
	EndGlobalSection
	GlobalSection(ExtensibilityGlobals) = postSolution
		SolutionGuid = {A68EB9F3-12DF-4B82-B69B-9E293DD8615D}
	EndGlobalSection
EndGlobal
